
Microsoft Visual Studio Solution File, Format Version 12.00
# Visual Studio Version 16
VisualStudioVersion = 16.0.28705.295
MinimumVisualStudioVersion = 10.0.40219.1
Project("{FAE04EC0-301F-11D3-BF4B-00C04F79EFBC}") = "Task_11", "Task_11.csproj", "{729ED1FE-FB97-4663-87FD-28AF2578318D}"
EndProject
Global
	GlobalSection(SolutionConfigurationPlatforms) = preSolution
		Debug|Any CPU = Debug|Any CPU
		Release|Any CPU = Release|Any CPU
	EndGlobalSection
	GlobalSection(ProjectConfigurationPlatforms) = postSolution
		{729ED1FE-FB97-4663-87FD-28AF2578318D}.Debug|Any CPU.ActiveCfg = Debug|Any CPU
		{729ED1FE-FB97-4663-87FD-28AF2578318D}.Debug|Any CPU.Build.0 = Debug|Any CPU
		{729ED1FE-FB97-4663-87FD-28AF2578318D}.Release|Any CPU.ActiveCfg = Release|Any CPU
		{729ED1FE-FB97-4663-87FD-28AF2578318D}.Release|Any CPU.Build.0 = Release|Any CPU
	EndGlobalSection
	GlobalSection(SolutionProperties) = preSolution
		HideSolutionNode = FALSE
	EndGlobalSection
	GlobalSection(ExtensibilityGlobals) = postSolution
		SolutionGuid = {E8CEE604-F9BF-429E-BC58-B40575F3724A}
	EndGlobalSection
EndGlobal
